// !$*UTF8*$!
{
	archiveVersion = 1;
	classes = {
	};
	objectVersion = 46;
	objects = {

/* Begin PBXBuildFile section */
		EB5E87F11D9EBB53006D4F50 /* AppDelegate.swift in Sources */ = {isa = PBXBuildFile; fileRef = EB5E87F01D9EBB53006D4F50 /* AppDelegate.swift */; };
		EB5E87F31D9EBB53006D4F50 /* ViewController.swift in Sources */ = {isa = PBXBuildFile; fileRef = EB5E87F21D9EBB53006D4F50 /* ViewController.swift */; };
		EB5E87F61D9EBB53006D4F50 /* Main.storyboard in Resources */ = {isa = PBXBuildFile; fileRef = EB5E87F41D9EBB53006D4F50 /* Main.storyboard */; };
		EB5E87F81D9EBB53006D4F50 /* Assets.xcassets in Resources */ = {isa = PBXBuildFile; fileRef = EB5E87F71D9EBB53006D4F50 /* Assets.xcassets */; };
		EB5E87FB1D9EBB53006D4F50 /* LaunchScreen.storyboard in Resources */ = {isa = PBXBuildFile; fileRef = EB5E87F91D9EBB53006D4F50 /* LaunchScreen.storyboard */; };
		EB5E88031D9EBD64006D4F50 /* PlaceCell.swift in Sources */ = {isa = PBXBuildFile; fileRef = EB5E88021D9EBD64006D4F50 /* PlaceCell.swift */; };
		EB5E88071D9EBDCD006D4F50 /* DetailViewController.swift in Sources */ = {isa = PBXBuildFile; fileRef = EB5E88041D9EBDCD006D4F50 /* DetailViewController.swift */; };
		EB5E88081D9EBDCD006D4F50 /* PlaceDetailViewCell.swift in Sources */ = {isa = PBXBuildFile; fileRef = EB5E88051D9EBDCD006D4F50 /* PlaceDetailViewCell.swift */; };
		EB5E88091D9EBDCD006D4F50 /* ReviewViewController.swift in Sources */ = {isa = PBXBuildFile; fileRef = EB5E88061D9EBDCD006D4F50 /* ReviewViewController.swift */; };
		EB5E880B1D9EBDF7006D4F50 /* Place.swift in Sources */ = {isa = PBXBuildFile; fileRef = EB5E880A1D9EBDF7006D4F50 /* Place.swift */; };
		EB9D98081D9ED13F001876FB /* MapKit.framework in Frameworks */ = {isa = PBXBuildFile; fileRef = EB9D98071D9ED13F001876FB /* MapKit.framework */; };
		EB9D980A1D9ED311001876FB /* MapViewController.swift in Sources */ = {isa = PBXBuildFile; fileRef = EB9D98091D9ED311001876FB /* MapViewController.swift */; };
/* End PBXBuildFile section */

/* Begin PBXFileReference section */
		EB5E87ED1D9EBB53006D4F50 /* Lugares.app */ = {isa = PBXFileReference; explicitFileType = wrapper.application; includeInIndex = 0; path = Lugares.app; sourceTree = BUILT_PRODUCTS_DIR; };
		EB5E87F01D9EBB53006D4F50 /* AppDelegate.swift */ = {isa = PBXFileReference; lastKnownFileType = sourcecode.swift; path = AppDelegate.swift; sourceTree = "<group>"; };
		EB5E87F21D9EBB53006D4F50 /* ViewController.swift */ = {isa = PBXFileReference; lastKnownFileType = sourcecode.swift; path = ViewController.swift; sourceTree = "<group>"; };
		EB5E87F51D9EBB53006D4F50 /* Base */ = {isa = PBXFileReference; lastKnownFileType = file.storyboard; name = Base; path = Base.lproj/Main.storyboard; sourceTree = "<group>"; };
		EB5E87F71D9EBB53006D4F50 /* Assets.xcassets */ = {isa = PBXFileReference; lastKnownFileType = folder.assetcatalog; path = Assets.xcassets; sourceTree = "<group>"; };
		EB5E87FA1D9EBB53006D4F50 /* Base */ = {isa = PBXFileReference; lastKnownFileType = file.storyboard; name = Base; path = Base.lproj/LaunchScreen.storyboard; sourceTree = "<group>"; };
		EB5E87FC1D9EBB53006D4F50 /* Info.plist */ = {isa = PBXFileReference; lastKnownFileType = text.plist.xml; path = Info.plist; sourceTree = "<group>"; };
		EB5E88021D9EBD64006D4F50 /* PlaceCell.swift */ = {isa = PBXFileReference; fileEncoding = 4; lastKnownFileType = sourcecode.swift; path = PlaceCell.swift; sourceTree = "<group>"; };
		EB5E88041D9EBDCD006D4F50 /* DetailViewController.swift */ = {isa = PBXFileReference; fileEncoding = 4; lastKnownFileType = sourcecode.swift; path = DetailViewController.swift; sourceTree = "<group>"; };
		EB5E88051D9EBDCD006D4F50 /* PlaceDetailViewCell.swift */ = {isa = PBXFileReference; fileEncoding = 4; lastKnownFileType = sourcecode.swift; path = PlaceDetailViewCell.swift; sourceTree = "<group>"; };
		EB5E88061D9EBDCD006D4F50 /* ReviewViewController.swift */ = {isa = PBXFileReference; fileEncoding = 4; lastKnownFileType = sourcecode.swift; path = ReviewViewController.swift; sourceTree = "<group>"; };
		EB5E880A1D9EBDF7006D4F50 /* Place.swift */ = {isa = PBXFileReference; fileEncoding = 4; lastKnownFileType = sourcecode.swift; path = Place.swift; sourceTree = "<group>"; };
		EB9D98071D9ED13F001876FB /* MapKit.framework */ = {isa = PBXFileReference; lastKnownFileType = wrapper.framework; name = MapKit.framework; path = System/Library/Frameworks/MapKit.framework; sourceTree = SDKROOT; };
		EB9D98091D9ED311001876FB /* MapViewController.swift */ = {isa = PBXFileReference; fileEncoding = 4; lastKnownFileType = sourcecode.swift; path = MapViewController.swift; sourceTree = "<group>"; };
/* End PBXFileReference section */

/* Begin PBXFrameworksBuildPhase section */
		EB5E87EA1D9EBB53006D4F50 /* Frameworks */ = {
			isa = PBXFrameworksBuildPhase;
			buildActionMask = 2147483647;
			files = (
				EB9D98081D9ED13F001876FB /* MapKit.framework in Frameworks */,
			);
			runOnlyForDeploymentPostprocessing = 0;
		};
/* End PBXFrameworksBuildPhase section */

/* Begin PBXGroup section */
		EB5E87E41D9EBB53006D4F50 = {
			isa = PBXGroup;
			children = (
				EB5E87EF1D9EBB53006D4F50 /* Lugares */,
				EB5E87EE1D9EBB53006D4F50 /* Products */,
				EB9D98061D9ED13F001876FB /* Frameworks */,
			);
			sourceTree = "<group>";
		};
		EB5E87EE1D9EBB53006D4F50 /* Products */ = {
			isa = PBXGroup;
			children = (
				EB5E87ED1D9EBB53006D4F50 /* Lugares.app */,
			);
			name = Products;
			sourceTree = "<group>";
		};
		EB5E87EF1D9EBB53006D4F50 /* Lugares */ = {
			isa = PBXGroup;
			children = (
				EB5E87F01D9EBB53006D4F50 /* AppDelegate.swift */,
				EB5E87F21D9EBB53006D4F50 /* ViewController.swift */,
				EB5E880A1D9EBDF7006D4F50 /* Place.swift */,
				EB5E88021D9EBD64006D4F50 /* PlaceCell.swift */,
				EB5E88041D9EBDCD006D4F50 /* DetailViewController.swift */,
				EB5E88051D9EBDCD006D4F50 /* PlaceDetailViewCell.swift */,
				EB5E88061D9EBDCD006D4F50 /* ReviewViewController.swift */,
				EB9D98091D9ED311001876FB /* MapViewController.swift */,
				EB5E87F41D9EBB53006D4F50 /* Main.storyboard */,
				EB5E87F71D9EBB53006D4F50 /* Assets.xcassets */,
				EB5E87F91D9EBB53006D4F50 /* LaunchScreen.storyboard */,
				EB5E87FC1D9EBB53006D4F50 /* Info.plist */,
			);
			path = Lugares;
			sourceTree = "<group>";
		};
		EB9D98061D9ED13F001876FB /* Frameworks */ = {
			isa = PBXGroup;
			children = (
				EB9D98071D9ED13F001876FB /* MapKit.framework */,
			);
			name = Frameworks;
			sourceTree = "<group>";
		};
/* End PBXGroup section */

/* Begin PBXNativeTarget section */
		EB5E87EC1D9EBB53006D4F50 /* Lugares */ = {
			isa = PBXNativeTarget;
			buildConfigurationList = EB5E87FF1D9EBB53006D4F50 /* Build configuration list for PBXNativeTarget "Lugares" */;
			buildPhases = (
				EB5E87E91D9EBB53006D4F50 /* Sources */,
				EB5E87EA1D9EBB53006D4F50 /* Frameworks */,
				EB5E87EB1D9EBB53006D4F50 /* Resources */,
			);
			buildRules = (
			);
			dependencies = (
			);
			name = Lugares;
			productName = Lugares;
			productReference = EB5E87ED1D9EBB53006D4F50 /* Lugares.app */;
			productType = "com.apple.product-type.application";
		};
/* End PBXNativeTarget section */

/* Begin PBXProject section */
		EB5E87E51D9EBB53006D4F50 /* Project object */ = {
			isa = PBXProject;
			attributes = {
				LastSwiftUpdateCheck = 0800;
				LastUpgradeCheck = 0800;
				ORGANIZATIONNAME = "Pedro Martinez";
				TargetAttributes = {
					EB5E87EC1D9EBB53006D4F50 = {
						CreatedOnToolsVersion = 8.0;
						DevelopmentTeam = N45TEZU54C;
						ProvisioningStyle = Automatic;
						SystemCapabilities = {
							com.apple.Maps.iOS = {
								enabled = 1;
							};
						};
					};
				};
			};
			buildConfigurationList = EB5E87E81D9EBB53006D4F50 /* Build configuration list for PBXProject "Lugares" */;
			compatibilityVersion = "Xcode 3.2";
			developmentRegion = English;
			hasScannedForEncodings = 0;
			knownRegions = (
				en,
				Base,
			);
			mainGroup = EB5E87E41D9EBB53006D4F50;
			productRefGroup = EB5E87EE1D9EBB53006D4F50 /* Products */;
			projectDirPath = "";
			projectRoot = "";
			targets = (
				EB5E87EC1D9EBB53006D4F50 /* Lugares */,
			);
		};
/* End PBXProject section */

/* Begin PBXResourcesBuildPhase section */
		EB5E87EB1D9EBB53006D4F50 /* Resources */ = {
			isa = PBXResourcesBuildPhase;
			buildActionMask = 2147483647;
			files = (
				EB5E87FB1D9EBB53006D4F50 /* LaunchScreen.storyboard in Resources */,
				EB5E87F81D9EBB53006D4F50 /* Assets.xcassets in Resources */,
				EB5E87F61D9EBB53006D4F50 /* Main.storyboard in Resources */,
			);
			runOnlyForDeploymentPostprocessing = 0;
		};
/* End PBXResourcesBuildPhase section */

/* Begin PBXSourcesBuildPhase section */
		EB5E87E91D9EBB53006D4F50 /* Sources */ = {
			isa = PBXSourcesBuildPhase;
			buildActionMask = 2147483647;
			files = (
				EB5E88031D9EBD64006D4F50 /* PlaceCell.swift in Sources */,
				EB5E87F31D9EBB53006D4F50 /* ViewController.swift in Sources */,
				EB5E88091D9EBDCD006D4F50 /* ReviewViewController.swift in Sources */,
				EB5E88081D9EBDCD006D4F50 /* PlaceDetailViewCell.swift in Sources */,
				EB5E87F11D9EBB53006D4F50 /* AppDelegate.swift in Sources */,
				EB5E880B1D9EBDF7006D4F50 /* Place.swift in Sources */,
				EB5E88071D9EBDCD006D4F50 /* DetailViewController.swift in Sources */,
				EB9D980A1D9ED311001876FB /* MapViewController.swift in Sources */,
			);
			runOnlyForDeploymentPostprocessing = 0;
		};
/* End PBXSourcesBuildPhase section */

/* Begin PBXVariantGroup section */
		EB5E87F41D9EBB53006D4F50 /* Main.storyboard */ = {
			isa = PBXVariantGroup;
			children = (
				EB5E87F51D9EBB53006D4F50 /* Base */,
			);
			name = Main.storyboard;
			sourceTree = "<group>";
		};
		EB5E87F91D9EBB53006D4F50 /* LaunchScreen.storyboard */ = {
			isa = PBXVariantGroup;
			children = (
				EB5E87FA1D9EBB53006D4F50 /* Base */,
			);
			name = LaunchScreen.storyboard;
			sourceTree = "<group>";
		};
/* End PBXVariantGroup section */

/* Begin XCBuildConfiguration section */
		EB5E87FD1D9EBB53006D4F50 /* Debug */ = {
			isa = XCBuildConfiguration;
			buildSettings = {
				ALWAYS_SEARCH_USER_PATHS = NO;
				CLANG_ANALYZER_NONNULL = YES;
				CLANG_CXX_LANGUAGE_STANDARD = "gnu++0x";
				CLANG_CXX_LIBRARY = "libc++";
				CLANG_ENABLE_MODULES = YES;
				CLANG_ENABLE_OBJC_ARC = YES;
				CLANG_WARN_BOOL_CONVERSION = YES;
				CLANG_WARN_CONSTANT_CONVERSION = YES;
				CLANG_WARN_DIRECT_OBJC_ISA_USAGE = YES_ERROR;
				CLANG_WARN_DOCUMENTATION_COMMENTS = YES;
				CLANG_WARN_EMPTY_BODY = YES;
				CLANG_WARN_ENUM_CONVERSION = YES;
				CLANG_WARN_INFINITE_RECURSION = YES;
				CLANG_WARN_INT_CONVERSION = YES;
				CLANG_WARN_OBJC_ROOT_CLASS = YES_ERROR;
				CLANG_WARN_SUSPICIOUS_MOVES = YES;
				CLANG_WARN_UNREACHABLE_CODE = YES;
				CLANG_WARN__DUPLICATE_METHOD_MATCH = YES;
				"CODE_SIGN_IDENTITY[sdk=iphoneos*]" = "iPhone Developer";
				COPY_PHASE_STRIP = NO;
				DEBUG_INFORMATION_FORMAT = dwarf;
				ENABLE_STRICT_OBJC_MSGSEND = YES;
				ENABLE_TESTABILITY = YES;
				GCC_C_LANGUAGE_STANDARD = gnu99;
				GCC_DYNAMIC_NO_PIC = NO;
				GCC_NO_COMMON_BLOCKS = YES;
				GCC_OPTIMIZATION_LEVEL = 0;
				GCC_PREPROCESSOR_DEFINITIONS = (
					"DEBUG=1",
					"$(inherited)",
				);
				GCC_WARN_64_TO_32_BIT_CONVERSION = YES;
				GCC_WARN_ABOUT_RETURN_TYPE = YES_ERROR;
				GCC_WARN_UNDECLARED_SELECTOR = YES;
				GCC_WARN_UNINITIALIZED_AUTOS = YES_AGGRESSIVE;
				GCC_WARN_UNUSED_FUNCTION = YES;
				GCC_WARN_UNUSED_VARIABLE = YES;
				IPHONEOS_DEPLOYMENT_TARGET = 10.0;
				MTL_ENABLE_DEBUG_INFO = YES;
				ONLY_ACTIVE_ARCH = YES;
				SDKROOT = iphoneos;
				SWIFT_ACTIVE_COMPILATION_CONDITIONS = DEBUG;
				SWIFT_OPTIMIZATION_LEVEL = "-Onone";
				TARGETED_DEVICE_FAMILY = "1,2";
			};
			name = Debug;
		};
		EB5E87FE1D9EBB53006D4F50 /* Release */ = {
			isa = XCBuildConfiguration;
			buildSettings = {
				ALWAYS_SEARCH_USER_PATHS = NO;
				CLANG_ANALYZER_NONNULL = YES;
				CLANG_CXX_LANGUAGE_STANDARD = "gnu++0x";
				CLANG_CXX_LIBRARY = "libc++";
				CLANG_ENABLE_MODULES = YES;
				CLANG_ENABLE_OBJC_ARC = YES;
				CLANG_WARN_BOOL_CONVERSION = YES;
				CLANG_WARN_CONSTANT_CONVERSION = YES;
				CLANG_WARN_DIRECT_OBJC_ISA_USAGE = YES_ERROR;
				CLANG_WARN_DOCUMENTATION_COMMENTS = YES;
				CLANG_WARN_EMPTY_BODY = YES;
				CLANG_WARN_ENUM_CONVERSION = YES;
				CLANG_WARN_INFINITE_RECURSION = YES;
				CLANG_WARN_INT_CONVERSION = YES;
				CLANG_WARN_OBJC_ROOT_CLASS = YES_ERROR;
				CLANG_WARN_SUSPICIOUS_MOVES = YES;
				CLANG_WARN_UNREACHABLE_CODE = YES;
				CLANG_WARN__DUPLICATE_METHOD_MATCH = YES;
				"CODE_SIGN_IDENTITY[sdk=iphoneos*]" = "iPhone Developer";
				COPY_PHASE_STRIP = NO;
				DEBUG_INFORMATION_FORMAT = "dwarf-with-dsym";
				ENABLE_NS_ASSERTIONS = NO;
				ENABLE_STRICT_OBJC_MSGSEND = YES;
				GCC_C_LANGUAGE_STANDARD = gnu99;
				GCC_NO_COMMON_BLOCKS = YES;
				GCC_WARN_64_TO_32_BIT_CONVERSION = YES;
				GCC_WARN_ABOUT_RETURN_TYPE = YES_ERROR;
				GCC_WARN_UNDECLARED_SELECTOR = YES;
				GCC_WARN_UNINITIALIZED_AUTOS = YES_AGGRESSIVE;
				GCC_WARN_UNUSED_FUNCTION = YES;
				GCC_WARN_UNUSED_VARIABLE = YES;
				IPHONEOS_DEPLOYMENT_TARGET = 10.0;
				MTL_ENABLE_DEBUG_INFO = NO;
				SDKROOT = iphoneos;
				SWIFT_OPTIMIZATION_LEVEL = "-Owholemodule";
				TARGETED_DEVICE_FAMILY = "1,2";
				VALIDATE_PRODUCT = YES;
			};
			name = Release;
		};
		EB5E88001D9EBB53006D4F50 /* Debug */ = {
			isa = XCBuildConfiguration;
			buildSettings = {
				ASSETCATALOG_COMPILER_APPICON_NAME = AppIcon;
				DEVELOPMENT_TEAM = N45TEZU54C;
				INFOPLIST_FILE = Lugares/Info.plist;
				LD_RUNPATH_SEARCH_PATHS = "$(inherited) @executable_path/Frameworks";
				PRODUCT_BUNDLE_IDENTIFIER = com.daviddeCastro.Lugares;
				PRODUCT_NAME = "$(TARGET_NAME)";
				SWIFT_VERSION = 3.0;
			};
			name = Debug;
		};
		EB5E88011D9EBB53006D4F50 /* Release */ = {
			isa = XCBuildConfiguration;
			buildSettings = {
				ASSETCATALOG_COMPILER_APPICON_NAME = AppIcon;
				DEVELOPMENT_TEAM = N45TEZU54C;
				INFOPLIST_FILE = Lugares/Info.plist;
				LD_RUNPATH_SEARCH_PATHS = "$(inherited) @executable_path/Frameworks";
				PRODUCT_BUNDLE_IDENTIFIER = com.daviddeCastro.Lugares;
				PRODUCT_NAME = "$(TARGET_NAME)";
				SWIFT_VERSION = 3.0;
			};
			name = Release;
		};
/* End XCBuildConfiguration section */

/* Begin XCConfigurationList section */
		EB5E87E81D9EBB53006D4F50 /* Build configuration list for PBXProject "Lugares" */ = {
			isa = XCConfigurationList;
			buildConfigurations = (
				EB5E87FD1D9EBB53006D4F50 /* Debug */,
				EB5E87FE1D9EBB53006D4F50 /* Release */,
			);
			defaultConfigurationIsVisible = 0;
			defaultConfigurationName = Release;
		};
		EB5E87FF1D9EBB53006D4F50 /* Build configuration list for PBXNativeTarget "Lugares" */ = {
			isa = XCConfigurationList;
			buildConfigurations = (
				EB5E88001D9EBB53006D4F50 /* Debug */,
				EB5E88011D9EBB53006D4F50 /* Release */,
			);
			defaultConfigurationIsVisible = 0;
			defaultConfigurationName = Release;
		};
/* End XCConfigurationList section */
	};
	rootObject = EB5E87E51D9EBB53006D4F50 /* Project object */;
}
